
Microsoft Visual Studio Solution File, Format Version 12.00
# Visual Studio 15
VisualStudioVersion = 15.0.27428.2015
MinimumVisualStudioVersion = 10.0.40219.1
Project("{FAE04EC0-301F-11D3-BF4B-00C04F79EFBC}") = "ChatRoom", "ChatRoom\ChatRoom.csproj", "{DE7E86FB-F956-402C-9BEA-839745659CDB}"
	ProjectSection(ProjectDependencies) = postProject
		{E892005B-C4FC-4EAB-9CE8-98383248B664} = {E892005B-C4FC-4EAB-9CE8-98383248B664}
		{A69CC45C-EE56-4039-99A4-8AA98A8E79F4} = {A69CC45C-EE56-4039-99A4-8AA98A8E79F4}
		{941CB6D7-7FE7-4C0F-9AC5-0EA0441B1E32} = {941CB6D7-7FE7-4C0F-9AC5-0EA0441B1E32}
	EndProjectSection
EndProject
Project("{FAE04EC0-301F-11D3-BF4B-00C04F79EFBC}") = "Presentation_Layer", "Presentation_Layer\Presentation_Layer.csproj", "{A69CC45C-EE56-4039-99A4-8AA98A8E79F4}"
	ProjectSection(ProjectDependencies) = postProject
		{941CB6D7-7FE7-4C0F-9AC5-0EA0441B1E32} = {941CB6D7-7FE7-4C0F-9AC5-0EA0441B1E32}
	EndProjectSection
EndProject
Project("{FAE04EC0-301F-11D3-BF4B-00C04F79EFBC}") = "persistent_layer", "persistent_layer\persistent_layer.csproj", "{941CB6D7-7FE7-4C0F-9AC5-0EA0441B1E32}"
	ProjectSection(ProjectDependencies) = postProject
		{E892005B-C4FC-4EAB-9CE8-98383248B664} = {E892005B-C4FC-4EAB-9CE8-98383248B664}
	EndProjectSection
EndProject
Project("{FAE04EC0-301F-11D3-BF4B-00C04F79EFBC}") = "Business_layer", "Business_layer\Business_layer.csproj", "{15AC5D81-4979-412B-A0AC-D86C4016ABBC}"
	ProjectSection(ProjectDependencies) = postProject
		{E892005B-C4FC-4EAB-9CE8-98383248B664} = {E892005B-C4FC-4EAB-9CE8-98383248B664}
	EndProjectSection
EndProject
Project("{FAE04EC0-301F-11D3-BF4B-00C04F79EFBC}") = "Communication_Layer", "Communication_Layer\Communication_Layer.csproj", "{E892005B-C4FC-4EAB-9CE8-98383248B664}"
EndProject
Project("{FAE04EC0-301F-11D3-BF4B-00C04F79EFBC}") = "GUI", "GUI\GUI\GUI.csproj", "{4ADF4F3C-D78A-4F62-AB2D-AED02464D448}"
	ProjectSection(ProjectDependencies) = postProject
		{A69CC45C-EE56-4039-99A4-8AA98A8E79F4} = {A69CC45C-EE56-4039-99A4-8AA98A8E79F4}
		{15AC5D81-4979-412B-A0AC-D86C4016ABBC} = {15AC5D81-4979-412B-A0AC-D86C4016ABBC}
	EndProjectSection
EndProject
Global
	GlobalSection(SolutionConfigurationPlatforms) = preSolution
		Debug|Any CPU = Debug|Any CPU
		Release|Any CPU = Release|Any CPU
	EndGlobalSection
	GlobalSection(ProjectConfigurationPlatforms) = postSolution
		{DE7E86FB-F956-402C-9BEA-839745659CDB}.Debug|Any CPU.ActiveCfg = Debug|Any CPU
		{DE7E86FB-F956-402C-9BEA-839745659CDB}.Debug|Any CPU.Build.0 = Debug|Any CPU
		{DE7E86FB-F956-402C-9BEA-839745659CDB}.Release|Any CPU.ActiveCfg = Release|Any CPU
		{DE7E86FB-F956-402C-9BEA-839745659CDB}.Release|Any CPU.Build.0 = Release|Any CPU
		{A69CC45C-EE56-4039-99A4-8AA98A8E79F4}.Debug|Any CPU.ActiveCfg = Debug|Any CPU
		{A69CC45C-EE56-4039-99A4-8AA98A8E79F4}.Debug|Any CPU.Build.0 = Debug|Any CPU
		{A69CC45C-EE56-4039-99A4-8AA98A8E79F4}.Release|Any CPU.ActiveCfg = Release|Any CPU
		{A69CC45C-EE56-4039-99A4-8AA98A8E79F4}.Release|Any CPU.Build.0 = Release|Any CPU
		{941CB6D7-7FE7-4C0F-9AC5-0EA0441B1E32}.Debug|Any CPU.ActiveCfg = Debug|Any CPU
		{941CB6D7-7FE7-4C0F-9AC5-0EA0441B1E32}.Debug|Any CPU.Build.0 = Debug|Any CPU
		{941CB6D7-7FE7-4C0F-9AC5-0EA0441B1E32}.Release|Any CPU.ActiveCfg = Release|Any CPU
		{941CB6D7-7FE7-4C0F-9AC5-0EA0441B1E32}.Release|Any CPU.Build.0 = Release|Any CPU
		{15AC5D81-4979-412B-A0AC-D86C4016ABBC}.Debug|Any CPU.ActiveCfg = Debug|Any CPU
		{15AC5D81-4979-412B-A0AC-D86C4016ABBC}.Debug|Any CPU.Build.0 = Debug|Any CPU
		{15AC5D81-4979-412B-A0AC-D86C4016ABBC}.Release|Any CPU.ActiveCfg = Release|Any CPU
		{15AC5D81-4979-412B-A0AC-D86C4016ABBC}.Release|Any CPU.Build.0 = Release|Any CPU
		{E892005B-C4FC-4EAB-9CE8-98383248B664}.Debug|Any CPU.ActiveCfg = Debug|Any CPU
		{E892005B-C4FC-4EAB-9CE8-98383248B664}.Debug|Any CPU.Build.0 = Debug|Any CPU
		{E892005B-C4FC-4EAB-9CE8-98383248B664}.Release|Any CPU.ActiveCfg = Release|Any CPU
		{E892005B-C4FC-4EAB-9CE8-98383248B664}.Release|Any CPU.Build.0 = Release|Any CPU
		{4ADF4F3C-D78A-4F62-AB2D-AED02464D448}.Debug|Any CPU.ActiveCfg = Debug|Any CPU
		{4ADF4F3C-D78A-4F62-AB2D-AED02464D448}.Debug|Any CPU.Build.0 = Debug|Any CPU
		{4ADF4F3C-D78A-4F62-AB2D-AED02464D448}.Release|Any CPU.ActiveCfg = Release|Any CPU
		{4ADF4F3C-D78A-4F62-AB2D-AED02464D448}.Release|Any CPU.Build.0 = Release|Any CPU
	EndGlobalSection
	GlobalSection(SolutionProperties) = preSolution
		HideSolutionNode = FALSE
	EndGlobalSection
	GlobalSection(ExtensibilityGlobals) = postSolution
		SolutionGuid = {56C2A0D6-4F1B-483B-966A-1AF6B1EDB29F}
	EndGlobalSection
EndGlobal
